// !$*UTF8*$!
{
	archiveVersion = 1;
	classes = {
	};
	objectVersion = 46;
	objects = {

/* Begin PBXBuildFile section */
		C004A89B1B368F52004BEC66 /* AppDelegate.swift in Sources */ = {isa = PBXBuildFile; fileRef = C004A89A1B368F52004BEC66 /* AppDelegate.swift */; };
		C004A89D1B368F52004BEC66 /* PlaceViewController.swift in Sources */ = {isa = PBXBuildFile; fileRef = C004A89C1B368F52004BEC66 /* PlaceViewController.swift */; };
		C004A8A01B368F52004BEC66 /* Main.storyboard in Resources */ = {isa = PBXBuildFile; fileRef = C004A89E1B368F52004BEC66 /* Main.storyboard */; };
		C004A8A51B368F52004BEC66 /* LaunchScreen.xib in Resources */ = {isa = PBXBuildFile; fileRef = C004A8A31B368F52004BEC66 /* LaunchScreen.xib */; };
		C004A8B11B368F52004BEC66 /* Tour_Da_VidaTests.swift in Sources */ = {isa = PBXBuildFile; fileRef = C004A8B01B368F52004BEC66 /* Tour_Da_VidaTests.swift */; };
		C004A8C21B36BD3D004BEC66 /* TPConstants.swift in Sources */ = {isa = PBXBuildFile; fileRef = C004A8C11B36BD3D004BEC66 /* TPConstants.swift */; };
		C004A8C41B36BD4B004BEC66 /* TPClient.swift in Sources */ = {isa = PBXBuildFile; fileRef = C004A8C31B36BD4B004BEC66 /* TPClient.swift */; };
		C004A8C61B36C6C2004BEC66 /* TPConvenience.swift in Sources */ = {isa = PBXBuildFile; fileRef = C004A8C51B36C6C2004BEC66 /* TPConvenience.swift */; };
		C004A8C81B36C834004BEC66 /* TPPlace.swift in Sources */ = {isa = PBXBuildFile; fileRef = C004A8C71B36C834004BEC66 /* TPPlace.swift */; };
		C004A8CA1B36C84B004BEC66 /* TPReview.swift in Sources */ = {isa = PBXBuildFile; fileRef = C004A8C91B36C84B004BEC66 /* TPReview.swift */; };
		C004A8CE1B36D80B004BEC66 /* PlaceCollectionViewCell.swift in Sources */ = {isa = PBXBuildFile; fileRef = C004A8CD1B36D80B004BEC66 /* PlaceCollectionViewCell.swift */; };
		C004A8D01B36DE99004BEC66 /* amsterdam.jpg in Resources */ = {isa = PBXBuildFile; fileRef = C004A8CF1B36DE99004BEC66 /* amsterdam.jpg */; };
		C004A8D81B370033004BEC66 /* barcelona.jpg in Resources */ = {isa = PBXBuildFile; fileRef = C004A8D11B370033004BEC66 /* barcelona.jpg */; };
		C004A8D91B370033004BEC66 /* berlin.jpg in Resources */ = {isa = PBXBuildFile; fileRef = C004A8D21B370033004BEC66 /* berlin.jpg */; };
		C004A8DA1B370033004BEC66 /* dubai.jpg in Resources */ = {isa = PBXBuildFile; fileRef = C004A8D31B370033004BEC66 /* dubai.jpg */; };
		C004A8DB1B370033004BEC66 /* london.jpg in Resources */ = {isa = PBXBuildFile; fileRef = C004A8D41B370033004BEC66 /* london.jpg */; };
		C004A8DC1B370033004BEC66 /* paris.jpg in Resources */ = {isa = PBXBuildFile; fileRef = C004A8D51B370033004BEC66 /* paris.jpg */; };
		C004A8DD1B370033004BEC66 /* rome.jpg in Resources */ = {isa = PBXBuildFile; fileRef = C004A8D61B370033004BEC66 /* rome.jpg */; };
		C004A8DE1B370033004BEC66 /* tuscany.jpg in Resources */ = {isa = PBXBuildFile; fileRef = C004A8D71B370033004BEC66 /* tuscany.jpg */; };
		C004A8E01B37013B004BEC66 /* CategoryViewController.swift in Sources */ = {isa = PBXBuildFile; fileRef = C004A8DF1B37013B004BEC66 /* CategoryViewController.swift */; };
		C004A8E21B370173004BEC66 /* ReviewViewController.swift in Sources */ = {isa = PBXBuildFile; fileRef = C004A8E11B370173004BEC66 /* ReviewViewController.swift */; };
		C004A8E41B370188004BEC66 /* ReviewDetailViewController.swift in Sources */ = {isa = PBXBuildFile; fileRef = C004A8E31B370188004BEC66 /* ReviewDetailViewController.swift */; };
		C004A9261B37088B004BEC66 /* castle7.png in Resources */ = {isa = PBXBuildFile; fileRef = C004A8EF1B37088B004BEC66 /* castle7.png */; };
		C004A9281B37088B004BEC66 /* coconut5.png in Resources */ = {isa = PBXBuildFile; fileRef = C004A8F11B37088B004BEC66 /* coconut5.png */; };
		C004A9331B37088B004BEC66 /* heart206.png in Resources */ = {isa = PBXBuildFile; fileRef = C004A8FC1B37088B004BEC66 /* heart206.png */; };
		C004A9511B37088B004BEC66 /* sunbathing.png in Resources */ = {isa = PBXBuildFile; fileRef = C004A91A1B37088B004BEC66 /* sunbathing.png */; };
		C004A9561B371566004BEC66 /* CategoryViewCell.swift in Sources */ = {isa = PBXBuildFile; fileRef = C004A9551B371566004BEC66 /* CategoryViewCell.swift */; };
		C004A9581B3716B4004BEC66 /* SupportedPlacesData.swift in Sources */ = {isa = PBXBuildFile; fileRef = C004A9571B3716B4004BEC66 /* SupportedPlacesData.swift */; };
		C004A95A1B371AC8004BEC66 /* CategoryEntries.swift in Sources */ = {isa = PBXBuildFile; fileRef = C004A9591B371AC8004BEC66 /* CategoryEntries.swift */; };
		C004A95C1B374445004BEC66 /* ReviewViewCell.swift in Sources */ = {isa = PBXBuildFile; fileRef = C004A95B1B374445004BEC66 /* ReviewViewCell.swift */; };
		C01568911B457571005D1611 /* LoadingTableViewCell.swift in Sources */ = {isa = PBXBuildFile; fileRef = C01568901B457571005D1611 /* LoadingTableViewCell.swift */; };
		C015689B1B4688A6005D1611 /* NavigationViewController.swift in Sources */ = {isa = PBXBuildFile; fileRef = C015689A1B4688A6005D1611 /* NavigationViewController.swift */; };
		C01578881B49205400031AA2 /* Aerial01.jpg in Resources */ = {isa = PBXBuildFile; fileRef = C01578811B49205400031AA2 /* Aerial01.jpg */; };
		C01578891B49205400031AA2 /* Aerial02.jpg in Resources */ = {isa = PBXBuildFile; fileRef = C01578821B49205400031AA2 /* Aerial02.jpg */; };
		C015788A1B49205400031AA2 /* Aerial03.jpg in Resources */ = {isa = PBXBuildFile; fileRef = C01578831B49205400031AA2 /* Aerial03.jpg */; };
		C015788B1B49205400031AA2 /* Aerial04.jpg in Resources */ = {isa = PBXBuildFile; fileRef = C01578841B49205400031AA2 /* Aerial04.jpg */; };
		C015788C1B49205400031AA2 /* Aerial05.jpg in Resources */ = {isa = PBXBuildFile; fileRef = C01578851B49205400031AA2 /* Aerial05.jpg */; };
		C015788D1B49205400031AA2 /* Aerial06.jpg in Resources */ = {isa = PBXBuildFile; fileRef = C01578861B49205400031AA2 /* Aerial06.jpg */; };
		C015788E1B49205400031AA2 /* Aerial07.jpg in Resources */ = {isa = PBXBuildFile; fileRef = C01578871B49205400031AA2 /* Aerial07.jpg */; };
/* End PBXBuildFile section */

/* Begin PBXContainerItemProxy section */
		C004A8AB1B368F52004BEC66 /* PBXContainerItemProxy */ = {
			isa = PBXContainerItemProxy;
			containerPortal = C004A88D1B368F52004BEC66 /* Project object */;
			proxyType = 1;
			remoteGlobalIDString = C004A8941B368F52004BEC66;
			remoteInfo = "Tour Da Vida";
		};
/* End PBXContainerItemProxy section */

/* Begin PBXFileReference section */
		C004A8951B368F52004BEC66 /* Tour Da Vida.app */ = {isa = PBXFileReference; explicitFileType = wrapper.application; includeInIndex = 0; path = "Tour Da Vida.app"; sourceTree = BUILT_PRODUCTS_DIR; };
		C004A8991B368F52004BEC66 /* Info.plist */ = {isa = PBXFileReference; lastKnownFileType = text.plist.xml; path = Info.plist; sourceTree = "<group>"; };
		C004A89A1B368F52004BEC66 /* AppDelegate.swift */ = {isa = PBXFileReference; lastKnownFileType = sourcecode.swift; path = AppDelegate.swift; sourceTree = "<group>"; };
		C004A89C1B368F52004BEC66 /* PlaceViewController.swift */ = {isa = PBXFileReference; lastKnownFileType = sourcecode.swift; path = PlaceViewController.swift; sourceTree = "<group>"; };
		C004A89F1B368F52004BEC66 /* Base */ = {isa = PBXFileReference; lastKnownFileType = file.storyboard; name = Base; path = Base.lproj/Main.storyboard; sourceTree = "<group>"; };
		C004A8A41B368F52004BEC66 /* Base */ = {isa = PBXFileReference; lastKnownFileType = file.xib; name = Base; path = Base.lproj/LaunchScreen.xib; sourceTree = "<group>"; };
		C004A8AA1B368F52004BEC66 /* Tour Da VidaTests.xctest */ = {isa = PBXFileReference; explicitFileType = wrapper.cfbundle; includeInIndex = 0; path = "Tour Da VidaTests.xctest"; sourceTree = BUILT_PRODUCTS_DIR; };
		C004A8AF1B368F52004BEC66 /* Info.plist */ = {isa = PBXFileReference; lastKnownFileType = text.plist.xml; path = Info.plist; sourceTree = "<group>"; };
		C004A8B01B368F52004BEC66 /* Tour_Da_VidaTests.swift */ = {isa = PBXFileReference; lastKnownFileType = sourcecode.swift; path = Tour_Da_VidaTests.swift; sourceTree = "<group>"; };
		C004A8C11B36BD3D004BEC66 /* TPConstants.swift */ = {isa = PBXFileReference; fileEncoding = 4; lastKnownFileType = sourcecode.swift; path = TPConstants.swift; sourceTree = "<group>"; };
		C004A8C31B36BD4B004BEC66 /* TPClient.swift */ = {isa = PBXFileReference; fileEncoding = 4; lastKnownFileType = sourcecode.swift; path = TPClient.swift; sourceTree = "<group>"; };
		C004A8C51B36C6C2004BEC66 /* TPConvenience.swift */ = {isa = PBXFileReference; fileEncoding = 4; lastKnownFileType = sourcecode.swift; path = TPConvenience.swift; sourceTree = "<group>"; };
		C004A8C71B36C834004BEC66 /* TPPlace.swift */ = {isa = PBXFileReference; fileEncoding = 4; lastKnownFileType = sourcecode.swift; path = TPPlace.swift; sourceTree = "<group>"; };
		C004A8C91B36C84B004BEC66 /* TPReview.swift */ = {isa = PBXFileReference; fileEncoding = 4; lastKnownFileType = sourcecode.swift; path = TPReview.swift; sourceTree = "<group>"; };
		C004A8CD1B36D80B004BEC66 /* PlaceCollectionViewCell.swift */ = {isa = PBXFileReference; fileEncoding = 4; lastKnownFileType = sourcecode.swift; path = PlaceCollectionViewCell.swift; sourceTree = "<group>"; };
		C004A8CF1B36DE99004BEC66 /* amsterdam.jpg */ = {isa = PBXFileReference; lastKnownFileType = image.jpeg; path = amsterdam.jpg; sourceTree = "<group>"; };
		C004A8D11B370033004BEC66 /* barcelona.jpg */ = {isa = PBXFileReference; lastKnownFileType = image.jpeg; path = barcelona.jpg; sourceTree = "<group>"; };
		C004A8D21B370033004BEC66 /* berlin.jpg */ = {isa = PBXFileReference; lastKnownFileType = image.jpeg; path = berlin.jpg; sourceTree = "<group>"; };
		C004A8D31B370033004BEC66 /* dubai.jpg */ = {isa = PBXFileReference; lastKnownFileType = image.jpeg; path = dubai.jpg; sourceTree = "<group>"; };
		C004A8D41B370033004BEC66 /* london.jpg */ = {isa = PBXFileReference; lastKnownFileType = image.jpeg; path = london.jpg; sourceTree = "<group>"; };
		C004A8D51B370033004BEC66 /* paris.jpg */ = {isa = PBXFileReference; lastKnownFileType = image.jpeg; path = paris.jpg; sourceTree = "<group>"; };
		C004A8D61B370033004BEC66 /* rome.jpg */ = {isa = PBXFileReference; lastKnownFileType = image.jpeg; path = rome.jpg; sourceTree = "<group>"; };
		C004A8D71B370033004BEC66 /* tuscany.jpg */ = {isa = PBXFileReference; lastKnownFileType = image.jpeg; path = tuscany.jpg; sourceTree = "<group>"; };
		C004A8DF1B37013B004BEC66 /* CategoryViewController.swift */ = {isa = PBXFileReference; fileEncoding = 4; lastKnownFileType = sourcecode.swift; path = CategoryViewController.swift; sourceTree = "<group>"; };
		C004A8E11B370173004BEC66 /* ReviewViewController.swift */ = {isa = PBXFileReference; fileEncoding = 4; lastKnownFileType = sourcecode.swift; path = ReviewViewController.swift; sourceTree = "<group>"; };
		C004A8E31B370188004BEC66 /* ReviewDetailViewController.swift */ = {isa = PBXFileReference; fileEncoding = 4; lastKnownFileType = sourcecode.swift; path = ReviewDetailViewController.swift; sourceTree = "<group>"; };
		C004A8EF1B37088B004BEC66 /* castle7.png */ = {isa = PBXFileReference; lastKnownFileType = image.png; path = castle7.png; sourceTree = "<group>"; };
		C004A8F11B37088B004BEC66 /* coconut5.png */ = {isa = PBXFileReference; lastKnownFileType = image.png; path = coconut5.png; sourceTree = "<group>"; };
		C004A8FC1B37088B004BEC66 /* heart206.png */ = {isa = PBXFileReference; lastKnownFileType = image.png; path = heart206.png; sourceTree = "<group>"; };
		C004A91A1B37088B004BEC66 /* sunbathing.png */ = {isa = PBXFileReference; lastKnownFileType = image.png; path = sunbathing.png; sourceTree = "<group>"; };
		C004A9551B371566004BEC66 /* CategoryViewCell.swift */ = {isa = PBXFileReference; fileEncoding = 4; lastKnownFileType = sourcecode.swift; path = CategoryViewCell.swift; sourceTree = "<group>"; };
		C004A9571B3716B4004BEC66 /* SupportedPlacesData.swift */ = {isa = PBXFileReference; fileEncoding = 4; lastKnownFileType = sourcecode.swift; path = SupportedPlacesData.swift; sourceTree = "<group>"; };
		C004A9591B371AC8004BEC66 /* CategoryEntries.swift */ = {isa = PBXFileReference; fileEncoding = 4; lastKnownFileType = sourcecode.swift; path = CategoryEntries.swift; sourceTree = "<group>"; };
		C004A95B1B374445004BEC66 /* ReviewViewCell.swift */ = {isa = PBXFileReference; fileEncoding = 4; lastKnownFileType = sourcecode.swift; path = ReviewViewCell.swift; sourceTree = "<group>"; };
		C01568901B457571005D1611 /* LoadingTableViewCell.swift */ = {isa = PBXFileReference; fileEncoding = 4; lastKnownFileType = sourcecode.swift; path = LoadingTableViewCell.swift; sourceTree = "<group>"; };
		C015689A1B4688A6005D1611 /* NavigationViewController.swift */ = {isa = PBXFileReference; fileEncoding = 4; lastKnownFileType = sourcecode.swift; path = NavigationViewController.swift; sourceTree = "<group>"; };
		C01578811B49205400031AA2 /* Aerial01.jpg */ = {isa = PBXFileReference; lastKnownFileType = image.jpeg; path = Aerial01.jpg; sourceTree = "<group>"; };
		C01578821B49205400031AA2 /* Aerial02.jpg */ = {isa = PBXFileReference; lastKnownFileType = image.jpeg; path = Aerial02.jpg; sourceTree = "<group>"; };
		C01578831B49205400031AA2 /* Aerial03.jpg */ = {isa = PBXFileReference; lastKnownFileType = image.jpeg; path = Aerial03.jpg; sourceTree = "<group>"; };
		C01578841B49205400031AA2 /* Aerial04.jpg */ = {isa = PBXFileReference; lastKnownFileType = image.jpeg; path = Aerial04.jpg; sourceTree = "<group>"; };
		C01578851B49205400031AA2 /* Aerial05.jpg */ = {isa = PBXFileReference; lastKnownFileType = image.jpeg; path = Aerial05.jpg; sourceTree = "<group>"; };
		C01578861B49205400031AA2 /* Aerial06.jpg */ = {isa = PBXFileReference; lastKnownFileType = image.jpeg; path = Aerial06.jpg; sourceTree = "<group>"; };
		C01578871B49205400031AA2 /* Aerial07.jpg */ = {isa = PBXFileReference; lastKnownFileType = image.jpeg; path = Aerial07.jpg; sourceTree = "<group>"; };
/* End PBXFileReference section */

/* Begin PBXFrameworksBuildPhase section */
		C004A8921B368F52004BEC66 /* Frameworks */ = {
			isa = PBXFrameworksBuildPhase;
			buildActionMask = 2147483647;
			files = (
			);
			runOnlyForDeploymentPostprocessing = 0;
		};
		C004A8A71B368F52004BEC66 /* Frameworks */ = {
			isa = PBXFrameworksBuildPhase;
			buildActionMask = 2147483647;
			files = (
			);
			runOnlyForDeploymentPostprocessing = 0;
		};
/* End PBXFrameworksBuildPhase section */

/* Begin PBXGroup section */
		C004A88C1B368F52004BEC66 = {
			isa = PBXGroup;
			children = (
				C004A8971B368F52004BEC66 /* Tour Da Vida */,
				C004A8AD1B368F52004BEC66 /* Tour Da VidaTests */,
				C004A8961B368F52004BEC66 /* Products */,
			);
			sourceTree = "<group>";
		};
		C004A8961B368F52004BEC66 /* Products */ = {
			isa = PBXGroup;
			children = (
				C004A8951B368F52004BEC66 /* Tour Da Vida.app */,
				C004A8AA1B368F52004BEC66 /* Tour Da VidaTests.xctest */,
			);
			name = Products;
			sourceTree = "<group>";
		};
		C004A8971B368F52004BEC66 /* Tour Da Vida */ = {
			isa = PBXGroup;
			children = (
				C004A8BC1B36BA4C004BEC66 /* Controller */,
				C004A8BB1B36BA38004BEC66 /* View */,
				C004A8BA1B36BA27004BEC66 /* Model */,
				C004A89A1B368F52004BEC66 /* AppDelegate.swift */,
				C004A8BD1B36BA86004BEC66 /* Storyboard */,
				C004A8981B368F52004BEC66 /* Supporting Files */,
			);
			path = "Tour Da Vida";
			sourceTree = "<group>";
		};
		C004A8981B368F52004BEC66 /* Supporting Files */ = {
			isa = PBXGroup;
			children = (
				C049E9521B46B8FC00F94A04 /* placeImages */,
				C004A8E61B37086C004BEC66 /* Categories Icons */,
				C004A8E51B370699004BEC66 /* cities */,
				C004A8991B368F52004BEC66 /* Info.plist */,
			);
			name = "Supporting Files";
			sourceTree = "<group>";
		};
		C004A8AD1B368F52004BEC66 /* Tour Da VidaTests */ = {
			isa = PBXGroup;
			children = (
				C004A8B01B368F52004BEC66 /* Tour_Da_VidaTests.swift */,
				C004A8AE1B368F52004BEC66 /* Supporting Files */,
			);
			path = "Tour Da VidaTests";
			sourceTree = "<group>";
		};
		C004A8AE1B368F52004BEC66 /* Supporting Files */ = {
			isa = PBXGroup;
			children = (
				C004A8AF1B368F52004BEC66 /* Info.plist */,
			);
			name = "Supporting Files";
			sourceTree = "<group>";
		};
		C004A8BA1B36BA27004BEC66 /* Model */ = {
			isa = PBXGroup;
			children = (
				C004A8BE1B36BBAB004BEC66 /* TourPedia */,
			);
			name = Model;
			sourceTree = "<group>";
		};
		C004A8BB1B36BA38004BEC66 /* View */ = {
			isa = PBXGroup;
			children = (
				C01568901B457571005D1611 /* LoadingTableViewCell.swift */,
				C004A95B1B374445004BEC66 /* ReviewViewCell.swift */,
				C004A8CD1B36D80B004BEC66 /* PlaceCollectionViewCell.swift */,
				C004A9551B371566004BEC66 /* CategoryViewCell.swift */,
			);
			name = View;
			sourceTree = "<group>";
		};
		C004A8BC1B36BA4C004BEC66 /* Controller */ = {
			isa = PBXGroup;
			children = (
				C004A89C1B368F52004BEC66 /* PlaceViewController.swift */,
				C004A8DF1B37013B004BEC66 /* CategoryViewController.swift */,
				C004A8E11B370173004BEC66 /* ReviewViewController.swift */,
				C004A8E31B370188004BEC66 /* ReviewDetailViewController.swift */,
				C015689A1B4688A6005D1611 /* NavigationViewController.swift */,
			);
			name = Controller;
			sourceTree = "<group>";
		};
		C004A8BD1B36BA86004BEC66 /* Storyboard */ = {
			isa = PBXGroup;
			children = (
				C004A8A31B368F52004BEC66 /* LaunchScreen.xib */,
				C004A89E1B368F52004BEC66 /* Main.storyboard */,
			);
			name = Storyboard;
			sourceTree = "<group>";
		};
		C004A8BE1B36BBAB004BEC66 /* TourPedia */ = {
			isa = PBXGroup;
			children = (
				C004A8C11B36BD3D004BEC66 /* TPConstants.swift */,
				C004A8C31B36BD4B004BEC66 /* TPClient.swift */,
				C004A8C51B36C6C2004BEC66 /* TPConvenience.swift */,
				C004A8C71B36C834004BEC66 /* TPPlace.swift */,
				C004A8C91B36C84B004BEC66 /* TPReview.swift */,
				C004A9571B3716B4004BEC66 /* SupportedPlacesData.swift */,
				C004A9591B371AC8004BEC66 /* CategoryEntries.swift */,
			);
			name = TourPedia;
			sourceTree = "<group>";
		};
		C004A8E51B370699004BEC66 /* cities */ = {
			isa = PBXGroup;
			children = (
				C004A8D11B370033004BEC66 /* barcelona.jpg */,
				C004A8D21B370033004BEC66 /* berlin.jpg */,
				C004A8D31B370033004BEC66 /* dubai.jpg */,
				C004A8D41B370033004BEC66 /* london.jpg */,
				C004A8D51B370033004BEC66 /* paris.jpg */,
				C004A8D61B370033004BEC66 /* rome.jpg */,
				C004A8D71B370033004BEC66 /* tuscany.jpg */,
				C004A8CF1B36DE99004BEC66 /* amsterdam.jpg */,
			);
			name = cities;
			sourceTree = "<group>";
		};
		C004A8E61B37086C004BEC66 /* Categories Icons */ = {
			isa = PBXGroup;
			children = (
				C004A8EF1B37088B004BEC66 /* castle7.png */,
				C004A8F11B37088B004BEC66 /* coconut5.png */,
				C004A8FC1B37088B004BEC66 /* heart206.png */,
				C004A91A1B37088B004BEC66 /* sunbathing.png */,
			);
			name = "Categories Icons";
			sourceTree = "<group>";
		};
		C049E9521B46B8FC00F94A04 /* placeImages */ = {
			isa = PBXGroup;
			children = (
				C01578811B49205400031AA2 /* Aerial01.jpg */,
				C01578821B49205400031AA2 /* Aerial02.jpg */,
				C01578831B49205400031AA2 /* Aerial03.jpg */,
				C01578841B49205400031AA2 /* Aerial04.jpg */,
				C01578851B49205400031AA2 /* Aerial05.jpg */,
				C01578861B49205400031AA2 /* Aerial06.jpg */,
				C01578871B49205400031AA2 /* Aerial07.jpg */,
			);
			name = placeImages;
			sourceTree = "<group>";
		};
/* End PBXGroup section */

/* Begin PBXNativeTarget section */
		C004A8941B368F52004BEC66 /* Tour Da Vida */ = {
			isa = PBXNativeTarget;
			buildConfigurationList = C004A8B41B368F52004BEC66 /* Build configuration list for PBXNativeTarget "Tour Da Vida" */;
			buildPhases = (
				C004A8911B368F52004BEC66 /* Sources */,
				C004A8921B368F52004BEC66 /* Frameworks */,
				C004A8931B368F52004BEC66 /* Resources */,
			);
			buildRules = (
			);
			dependencies = (
			);
			name = "Tour Da Vida";
			productName = "Tour Da Vida";
			productReference = C004A8951B368F52004BEC66 /* Tour Da Vida.app */;
			productType = "com.apple.product-type.application";
		};
		C004A8A91B368F52004BEC66 /* Tour Da VidaTests */ = {
			isa = PBXNativeTarget;
			buildConfigurationList = C004A8B71B368F52004BEC66 /* Build configuration list for PBXNativeTarget "Tour Da VidaTests" */;
			buildPhases = (
				C004A8A61B368F52004BEC66 /* Sources */,
				C004A8A71B368F52004BEC66 /* Frameworks */,
				C004A8A81B368F52004BEC66 /* Resources */,
			);
			buildRules = (
			);
			dependencies = (
				C004A8AC1B368F52004BEC66 /* PBXTargetDependency */,
			);
			name = "Tour Da VidaTests";
			productName = "Tour Da VidaTests";
			productReference = C004A8AA1B368F52004BEC66 /* Tour Da VidaTests.xctest */;
			productType = "com.apple.product-type.bundle.unit-test";
		};
/* End PBXNativeTarget section */

/* Begin PBXProject section */
		C004A88D1B368F52004BEC66 /* Project object */ = {
			isa = PBXProject;
			attributes = {
				LastUpgradeCheck = 0630;
				ORGANIZATIONNAME = Housing;
				TargetAttributes = {
					C004A8941B368F52004BEC66 = {
						CreatedOnToolsVersion = 6.3.2;
					};
					C004A8A91B368F52004BEC66 = {
						CreatedOnToolsVersion = 6.3.2;
						TestTargetID = C004A8941B368F52004BEC66;
					};
				};
			};
			buildConfigurationList = C004A8901B368F52004BEC66 /* Build configuration list for PBXProject "Tour Da Vida" */;
			compatibilityVersion = "Xcode 3.2";
			developmentRegion = English;
			hasScannedForEncodings = 0;
			knownRegions = (
				en,
				Base,
			);
			mainGroup = C004A88C1B368F52004BEC66;
			productRefGroup = C004A8961B368F52004BEC66 /* Products */;
			projectDirPath = "";
			projectRoot = "";
			targets = (
				C004A8941B368F52004BEC66 /* Tour Da Vida */,
				C004A8A91B368F52004BEC66 /* Tour Da VidaTests */,
			);
		};
/* End PBXProject section */

/* Begin PBXResourcesBuildPhase section */
		C004A8931B368F52004BEC66 /* Resources */ = {
			isa = PBXResourcesBuildPhase;
			buildActionMask = 2147483647;
			files = (
				C004A8A01B368F52004BEC66 /* Main.storyboard in Resources */,
				C015788E1B49205400031AA2 /* Aerial07.jpg in Resources */,
				C015788B1B49205400031AA2 /* Aerial04.jpg in Resources */,
				C004A8DE1B370033004BEC66 /* tuscany.jpg in Resources */,
				C015788D1B49205400031AA2 /* Aerial06.jpg in Resources */,
				C015788C1B49205400031AA2 /* Aerial05.jpg in Resources */,
				C004A8D91B370033004BEC66 /* berlin.jpg in Resources */,
				C004A9261B37088B004BEC66 /* castle7.png in Resources */,
				C004A8D81B370033004BEC66 /* barcelona.jpg in Resources */,
				C004A8DB1B370033004BEC66 /* london.jpg in Resources */,
				C015788A1B49205400031AA2 /* Aerial03.jpg in Resources */,
				C004A9511B37088B004BEC66 /* sunbathing.png in Resources */,
				C004A8A51B368F52004BEC66 /* LaunchScreen.xib in Resources */,
				C004A8DC1B370033004BEC66 /* paris.jpg in Resources */,
				C004A9331B37088B004BEC66 /* heart206.png in Resources */,
				C004A9281B37088B004BEC66 /* coconut5.png in Resources */,
				C01578891B49205400031AA2 /* Aerial02.jpg in Resources */,
				C004A8DD1B370033004BEC66 /* rome.jpg in Resources */,
				C004A8D01B36DE99004BEC66 /* amsterdam.jpg in Resources */,
				C01578881B49205400031AA2 /* Aerial01.jpg in Resources */,
				C004A8DA1B370033004BEC66 /* dubai.jpg in Resources */,
			);
			runOnlyForDeploymentPostprocessing = 0;
		};
		C004A8A81B368F52004BEC66 /* Resources */ = {
			isa = PBXResourcesBuildPhase;
			buildActionMask = 2147483647;
			files = (
			);
			runOnlyForDeploymentPostprocessing = 0;
		};
/* End PBXResourcesBuildPhase section */

/* Begin PBXSourcesBuildPhase section */
		C004A8911B368F52004BEC66 /* Sources */ = {
			isa = PBXSourcesBuildPhase;
			buildActionMask = 2147483647;
			files = (
				C004A95A1B371AC8004BEC66 /* CategoryEntries.swift in Sources */,
				C004A95C1B374445004BEC66 /* ReviewViewCell.swift in Sources */,
				C004A8C41B36BD4B004BEC66 /* TPClient.swift in Sources */,
				C015689B1B4688A6005D1611 /* NavigationViewController.swift in Sources */,
				C004A8C21B36BD3D004BEC66 /* TPConstants.swift in Sources */,
				C004A8E21B370173004BEC66 /* ReviewViewController.swift in Sources */,
				C004A8E41B370188004BEC66 /* ReviewDetailViewController.swift in Sources */,
				C01568911B457571005D1611 /* LoadingTableViewCell.swift in Sources */,
				C004A8CA1B36C84B004BEC66 /* TPReview.swift in Sources */,
				C004A8C61B36C6C2004BEC66 /* TPConvenience.swift in Sources */,
				C004A9581B3716B4004BEC66 /* SupportedPlacesData.swift in Sources */,
				C004A8CE1B36D80B004BEC66 /* PlaceCollectionViewCell.swift in Sources */,
				C004A8C81B36C834004BEC66 /* TPPlace.swift in Sources */,
				C004A89D1B368F52004BEC66 /* PlaceViewController.swift in Sources */,
				C004A8E01B37013B004BEC66 /* CategoryViewController.swift in Sources */,
				C004A9561B371566004BEC66 /* CategoryViewCell.swift in Sources */,
				C004A89B1B368F52004BEC66 /* AppDelegate.swift in Sources */,
			);
			runOnlyForDeploymentPostprocessing = 0;
		};
		C004A8A61B368F52004BEC66 /* Sources */ = {
			isa = PBXSourcesBuildPhase;
			buildActionMask = 2147483647;
			files = (
				C004A8B11B368F52004BEC66 /* Tour_Da_VidaTests.swift in Sources */,
			);
			runOnlyForDeploymentPostprocessing = 0;
		};
/* End PBXSourcesBuildPhase section */

/* Begin PBXTargetDependency section */
		C004A8AC1B368F52004BEC66 /* PBXTargetDependency */ = {
			isa = PBXTargetDependency;
			target = C004A8941B368F52004BEC66 /* Tour Da Vida */;
			targetProxy = C004A8AB1B368F52004BEC66 /* PBXContainerItemProxy */;
		};
/* End PBXTargetDependency section */

/* Begin PBXVariantGroup section */
		C004A89E1B368F52004BEC66 /* Main.storyboard */ = {
			isa = PBXVariantGroup;
			children = (
				C004A89F1B368F52004BEC66 /* Base */,
			);
			name = Main.storyboard;
			sourceTree = "<group>";
		};
		C004A8A31B368F52004BEC66 /* LaunchScreen.xib */ = {
			isa = PBXVariantGroup;
			children = (
				C004A8A41B368F52004BEC66 /* Base */,
			);
			name = LaunchScreen.xib;
			sourceTree = "<group>";
		};
/* End PBXVariantGroup section */

/* Begin XCBuildConfiguration section */
		C004A8B21B368F52004BEC66 /* Debug */ = {
			isa = XCBuildConfiguration;
			buildSettings = {
				ALWAYS_SEARCH_USER_PATHS = NO;
				CLANG_CXX_LANGUAGE_STANDARD = "gnu++0x";
				CLANG_CXX_LIBRARY = "libc++";
				CLANG_ENABLE_MODULES = YES;
				CLANG_ENABLE_OBJC_ARC = YES;
				CLANG_WARN_BOOL_CONVERSION = YES;
				CLANG_WARN_CONSTANT_CONVERSION = YES;
				CLANG_WARN_DIRECT_OBJC_ISA_USAGE = YES_ERROR;
				CLANG_WARN_EMPTY_BODY = YES;
				CLANG_WARN_ENUM_CONVERSION = YES;
				CLANG_WARN_INT_CONVERSION = YES;
				CLANG_WARN_OBJC_ROOT_CLASS = YES_ERROR;
				CLANG_WARN_UNREACHABLE_CODE = YES;
				CLANG_WARN__DUPLICATE_METHOD_MATCH = YES;
				"CODE_SIGN_IDENTITY[sdk=iphoneos*]" = "iPhone Developer";
				COPY_PHASE_STRIP = NO;
				DEBUG_INFORMATION_FORMAT = "dwarf-with-dsym";
				ENABLE_STRICT_OBJC_MSGSEND = YES;
				GCC_C_LANGUAGE_STANDARD = gnu99;
				GCC_DYNAMIC_NO_PIC = NO;
				GCC_NO_COMMON_BLOCKS = YES;
				GCC_OPTIMIZATION_LEVEL = 0;
				GCC_PREPROCESSOR_DEFINITIONS = (
					"DEBUG=1",
					"$(inherited)",
				);
				GCC_SYMBOLS_PRIVATE_EXTERN = NO;
				GCC_WARN_64_TO_32_BIT_CONVERSION = YES;
				GCC_WARN_ABOUT_RETURN_TYPE = YES_ERROR;
				GCC_WARN_UNDECLARED_SELECTOR = YES;
				GCC_WARN_UNINITIALIZED_AUTOS = YES_AGGRESSIVE;
				GCC_WARN_UNUSED_FUNCTION = YES;
				GCC_WARN_UNUSED_VARIABLE = YES;
				IPHONEOS_DEPLOYMENT_TARGET = 8.3;
				MTL_ENABLE_DEBUG_INFO = YES;
				ONLY_ACTIVE_ARCH = YES;
				SDKROOT = iphoneos;
				SWIFT_OPTIMIZATION_LEVEL = "-Onone";
				TARGETED_DEVICE_FAMILY = "1,2";
			};
			name = Debug;
		};
		C004A8B31B368F52004BEC66 /* Release */ = {
			isa = XCBuildConfiguration;
			buildSettings = {
				ALWAYS_SEARCH_USER_PATHS = NO;
				CLANG_CXX_LANGUAGE_STANDARD = "gnu++0x";
				CLANG_CXX_LIBRARY = "libc++";
				CLANG_ENABLE_MODULES = YES;
				CLANG_ENABLE_OBJC_ARC = YES;
				CLANG_WARN_BOOL_CONVERSION = YES;
				CLANG_WARN_CONSTANT_CONVERSION = YES;
				CLANG_WARN_DIRECT_OBJC_ISA_USAGE = YES_ERROR;
				CLANG_WARN_EMPTY_BODY = YES;
				CLANG_WARN_ENUM_CONVERSION = YES;
				CLANG_WARN_INT_CONVERSION = YES;
				CLANG_WARN_OBJC_ROOT_CLASS = YES_ERROR;
				CLANG_WARN_UNREACHABLE_CODE = YES;
				CLANG_WARN__DUPLICATE_METHOD_MATCH = YES;
				"CODE_SIGN_IDENTITY[sdk=iphoneos*]" = "iPhone Developer";
				COPY_PHASE_STRIP = NO;
				DEBUG_INFORMATION_FORMAT = "dwarf-with-dsym";
				ENABLE_NS_ASSERTIONS = NO;
				ENABLE_STRICT_OBJC_MSGSEND = YES;
				GCC_C_LANGUAGE_STANDARD = gnu99;
				GCC_NO_COMMON_BLOCKS = YES;
				GCC_WARN_64_TO_32_BIT_CONVERSION = YES;
				GCC_WARN_ABOUT_RETURN_TYPE = YES_ERROR;
				GCC_WARN_UNDECLARED_SELECTOR = YES;
				GCC_WARN_UNINITIALIZED_AUTOS = YES_AGGRESSIVE;
				GCC_WARN_UNUSED_FUNCTION = YES;
				GCC_WARN_UNUSED_VARIABLE = YES;
				IPHONEOS_DEPLOYMENT_TARGET = 8.3;
				MTL_ENABLE_DEBUG_INFO = NO;
				SDKROOT = iphoneos;
				TARGETED_DEVICE_FAMILY = "1,2";
				VALIDATE_PRODUCT = YES;
			};
			name = Release;
		};
		C004A8B51B368F52004BEC66 /* Debug */ = {
			isa = XCBuildConfiguration;
			buildSettings = {
				ASSETCATALOG_COMPILER_APPICON_NAME = AppIcon;
				INFOPLIST_FILE = "Tour Da Vida/Info.plist";
				IPHONEOS_DEPLOYMENT_TARGET = 8.2;
				LD_RUNPATH_SEARCH_PATHS = "$(inherited) @executable_path/Frameworks";
				PRODUCT_NAME = "$(TARGET_NAME)";
			};
			name = Debug;
		};
		C004A8B61B368F52004BEC66 /* Release */ = {
			isa = XCBuildConfiguration;
			buildSettings = {
				ASSETCATALOG_COMPILER_APPICON_NAME = AppIcon;
				INFOPLIST_FILE = "Tour Da Vida/Info.plist";
				IPHONEOS_DEPLOYMENT_TARGET = 8.2;
				LD_RUNPATH_SEARCH_PATHS = "$(inherited) @executable_path/Frameworks";
				PRODUCT_NAME = "$(TARGET_NAME)";
			};
			name = Release;
		};
		C004A8B81B368F52004BEC66 /* Debug */ = {
			isa = XCBuildConfiguration;
			buildSettings = {
				BUNDLE_LOADER = "$(TEST_HOST)";
				FRAMEWORK_SEARCH_PATHS = (
					"$(SDKROOT)/Developer/Library/Frameworks",
					"$(inherited)",
				);
				GCC_PREPROCESSOR_DEFINITIONS = (
					"DEBUG=1",
					"$(inherited)",
				);
				INFOPLIST_FILE = "Tour Da VidaTests/Info.plist";
				IPHONEOS_DEPLOYMENT_TARGET = 8.2;
				LD_RUNPATH_SEARCH_PATHS = "$(inherited) @executable_path/Frameworks @loader_path/Frameworks";
				PRODUCT_NAME = "$(TARGET_NAME)";
				TEST_HOST = "$(BUILT_PRODUCTS_DIR)/Tour Da Vida.app/Tour Da Vida";
			};
			name = Debug;
		};
		C004A8B91B368F52004BEC66 /* Release */ = {
			isa = XCBuildConfiguration;
			buildSettings = {
				BUNDLE_LOADER = "$(TEST_HOST)";
				FRAMEWORK_SEARCH_PATHS = (
					"$(SDKROOT)/Developer/Library/Frameworks",
					"$(inherited)",
				);
				INFOPLIST_FILE = "Tour Da VidaTests/Info.plist";
				IPHONEOS_DEPLOYMENT_TARGET = 8.2;
				LD_RUNPATH_SEARCH_PATHS = "$(inherited) @executable_path/Frameworks @loader_path/Frameworks";
				PRODUCT_NAME = "$(TARGET_NAME)";
				TEST_HOST = "$(BUILT_PRODUCTS_DIR)/Tour Da Vida.app/Tour Da Vida";
			};
			name = Release;
		};
/* End XCBuildConfiguration section */

/* Begin XCConfigurationList section */
		C004A8901B368F52004BEC66 /* Build configuration list for PBXProject "Tour Da Vida" */ = {
			isa = XCConfigurationList;
			buildConfigurations = (
				C004A8B21B368F52004BEC66 /* Debug */,
				C004A8B31B368F52004BEC66 /* Release */,
			);
			defaultConfigurationIsVisible = 0;
			defaultConfigurationName = Release;
		};
		C004A8B41B368F52004BEC66 /* Build configuration list for PBXNativeTarget "Tour Da Vida" */ = {
			isa = XCConfigurationList;
			buildConfigurations = (
				C004A8B51B368F52004BEC66 /* Debug */,
				C004A8B61B368F52004BEC66 /* Release */,
			);
			defaultConfigurationIsVisible = 0;
			defaultConfigurationName = Release;
		};
		C004A8B71B368F52004BEC66 /* Build configuration list for PBXNativeTarget "Tour Da VidaTests" */ = {
			isa = XCConfigurationList;
			buildConfigurations = (
				C004A8B81B368F52004BEC66 /* Debug */,
				C004A8B91B368F52004BEC66 /* Release */,
			);
			defaultConfigurationIsVisible = 0;
			defaultConfigurationName = Release;
		};
/* End XCConfigurationList section */
	};
	rootObject = C004A88D1B368F52004BEC66 /* Project object */;
}
